{
  "version": 4,
  "terraform_version": "0.13.5",
  "serial": 82,
  "lineage": "1fa091f8-68c5-7d7a-f1fc-04d76312b87b",
  "outputs": {},
  "resources": [
    {
      "mode": "managed",
      "type": "aws_eip",
      "name": "one",
      "provider": "provider[\"registry.terraform.io/hashicorp/aws\"]",
      "instances": [
        {
          "schema_version": 0,
          "attributes": {
            "allocation_id": null,
            "associate_with_private_ip": "10.0.1.50",
            "association_id": "eipassoc-009d953bee460921a",
            "customer_owned_ip": "",
            "customer_owned_ipv4_pool": "",
            "domain": "vpc",
            "id": "eipalloc-080c3ff8d18335482",
            "instance": "",
            "network_border_group": "ap-south-1",
            "network_interface": "eni-03896d3e9cd7bea52",
            "private_dns": "ip-10-0-1-50.ap-south-1.compute.internal",
            "private_ip": "10.0.1.50",
            "public_dns": "ec2-15-207-45-134.ap-south-1.compute.amazonaws.com",
            "public_ip": "15.207.45.134",
            "public_ipv4_pool": "amazon",
            "tags": null,
            "timeouts": null,
            "vpc": true
          },
          "private": "eyJlMmJmYjczMC1lY2FhLTExZTYtOGY4OC0zNDM2M2JjN2M0YzAiOnsiZGVsZXRlIjoxODAwMDAwMDAwMDAsInJlYWQiOjkwMDAwMDAwMDAwMCwidXBkYXRlIjozMDAwMDAwMDAwMDB9fQ==",
          "dependencies": [
            "aws_internet_gateway.igw",
            "aws_network_interface.NTF",
            "aws_security_group.allow_web",
            "aws_subnet.Subnet1",
            "aws_vpc.Prod_vpc"
          ]
        }
      ]
    },
    {
      "mode": "managed",
      "type": "aws_instance",
      "name": "Prod_EC2",
      "provider": "provider[\"registry.terraform.io/hashicorp/aws\"]",
      "instances": [
        {
          "schema_version": 1,
          "attributes": {
            "ami": "ami-0cda377a1b884a1bc",
            "arn": "arn:aws:ec2:ap-south-1:362874374237:instance/i-0de10c6348fd0c24c",
            "associate_public_ip_address": true,
            "availability_zone": "ap-south-1a",
            "cpu_core_count": 1,
            "cpu_threads_per_core": 1,
            "credit_specification": [
              {
                "cpu_credits": "standard"
              }
            ],
            "disable_api_termination": false,
            "ebs_block_device": [],
            "ebs_optimized": false,
            "ephemeral_block_device": [],
            "get_password_data": false,
            "hibernation": false,
            "host_id": null,
            "iam_instance_profile": "",
            "id": "i-0de10c6348fd0c24c",
            "instance_initiated_shutdown_behavior": null,
            "instance_state": "running",
            "instance_type": "t2.micro",
            "ipv6_address_count": 0,
            "ipv6_addresses": [],
            "key_name": "main-key",
            "metadata_options": [
              {
                "http_endpoint": "enabled",
                "http_put_response_hop_limit": 1,
                "http_tokens": "optional"
              }
            ],
            "monitoring": false,
            "network_interface": [
              {
                "delete_on_termination": false,
                "device_index": 0,
                "network_interface_id": "eni-03896d3e9cd7bea52"
              }
            ],
            "outpost_arn": "",
            "password_data": "",
            "placement_group": "",
            "primary_network_interface_id": "eni-03896d3e9cd7bea52",
            "private_dns": "ip-10-0-1-50.ap-south-1.compute.internal",
            "private_ip": "10.0.1.50",
            "public_dns": "",
            "public_ip": "15.207.45.134",
            "root_block_device": [
              {
                "delete_on_termination": true,
                "device_name": "/dev/sda1",
                "encrypted": false,
                "iops": 100,
                "kms_key_id": "",
                "volume_id": "vol-04e7a4a32b87ee7ae",
                "volume_size": 8,
                "volume_type": "gp2"
              }
            ],
            "secondary_private_ips": [],
            "security_groups": [],
            "source_dest_check": true,
            "subnet_id": "subnet-059d09375408f25de",
            "tags": {
              "Name": "Web server"
            },
            "tenancy": "default",
            "timeouts": null,
            "user_data": "8919454c10d57274b83ac2709a19db6cfd66e52a",
            "user_data_base64": null,
            "volume_tags": {},
            "vpc_security_group_ids": [
              "sg-07b1104dd984cc31e"
            ]
          },
          "private": "eyJlMmJmYjczMC1lY2FhLTExZTYtOGY4OC0zNDM2M2JjN2M0YzAiOnsiY3JlYXRlIjo2MDAwMDAwMDAwMDAsImRlbGV0ZSI6MTIwMDAwMDAwMDAwMCwidXBkYXRlIjo2MDAwMDAwMDAwMDB9LCJzY2hlbWFfdmVyc2lvbiI6IjEifQ==",
          "dependencies": [
            "aws_network_interface.NTF",
            "aws_security_group.allow_web",
            "aws_subnet.Subnet1",
            "aws_vpc.Prod_vpc"
          ]
        }
      ]
    },
    {
      "mode": "managed",
      "type": "aws_internet_gateway",
      "name": "igw",
      "provider": "provider[\"registry.terraform.io/hashicorp/aws\"]",
      "instances": [
        {
          "schema_version": 0,
          "attributes": {
            "arn": "arn:aws:ec2:ap-south-1:362874374237:internet-gateway/igw-00662bcd841fdcfaa",
            "id": "igw-00662bcd841fdcfaa",
            "owner_id": "362874374237",
            "tags": null,
            "vpc_id": "vpc-01e2cfde1b33adb8d"
          },
          "private": "bnVsbA==",
          "dependencies": [
            "aws_vpc.Prod_vpc"
          ]
        }
      ]
    },
    {
      "mode": "managed",
      "type": "aws_network_interface",
      "name": "NTF",
      "provider": "provider[\"registry.terraform.io/hashicorp/aws\"]",
      "instances": [
        {
          "schema_version": 0,
          "attributes": {
            "attachment": [],
            "description": "",
            "id": "eni-03896d3e9cd7bea52",
            "ipv6_address_count": 0,
            "ipv6_addresses": [],
            "mac_address": "02:22:d0:f0:94:00",
            "outpost_arn": "",
            "private_dns_name": "",
            "private_ip": "10.0.1.50",
            "private_ips": [
              "10.0.1.50"
            ],
            "private_ips_count": 0,
            "security_groups": [
              "sg-07b1104dd984cc31e"
            ],
            "source_dest_check": true,
            "subnet_id": "subnet-059d09375408f25de",
            "tags": null
          },
          "private": "bnVsbA==",
          "dependencies": [
            "aws_security_group.allow_web",
            "aws_subnet.Subnet1",
            "aws_vpc.Prod_vpc"
          ]
        }
      ]
    },
    {
      "mode": "managed",
      "type": "aws_route_table",
      "name": "Prod_routetable",
      "provider": "provider[\"registry.terraform.io/hashicorp/aws\"]",
      "instances": [
        {
          "schema_version": 0,
          "attributes": {
            "id": "rtb-0449313d607e9f22f",
            "owner_id": "362874374237",
            "propagating_vgws": [],
            "route": [
              {
                "cidr_block": "",
                "egress_only_gateway_id": "",
                "gateway_id": "igw-00662bcd841fdcfaa",
                "instance_id": "",
                "ipv6_cidr_block": "::/0",
                "local_gateway_id": "",
                "nat_gateway_id": "",
                "network_interface_id": "",
                "transit_gateway_id": "",
                "vpc_peering_connection_id": ""
              },
              {
                "cidr_block": "0.0.0.0/0",
                "egress_only_gateway_id": "",
                "gateway_id": "igw-00662bcd841fdcfaa",
                "instance_id": "",
                "ipv6_cidr_block": "",
                "local_gateway_id": "",
                "nat_gateway_id": "",
                "network_interface_id": "",
                "transit_gateway_id": "",
                "vpc_peering_connection_id": ""
              }
            ],
            "tags": {
              "Name": "Prod_RT"
            },
            "vpc_id": "vpc-01e2cfde1b33adb8d"
          },
          "private": "bnVsbA==",
          "dependencies": [
            "aws_internet_gateway.igw",
            "aws_vpc.Prod_vpc"
          ]
        }
      ]
    },
    {
      "mode": "managed",
      "type": "aws_route_table_association",
      "name": "a",
      "provider": "provider[\"registry.terraform.io/hashicorp/aws\"]",
      "instances": [
        {
          "schema_version": 0,
          "attributes": {
            "gateway_id": null,
            "id": "rtbassoc-0031a0a73e77b1ba8",
            "route_table_id": "rtb-0449313d607e9f22f",
            "subnet_id": "subnet-059d09375408f25de"
          },
          "private": "bnVsbA==",
          "dependencies": [
            "aws_internet_gateway.igw",
            "aws_route_table.Prod_routetable",
            "aws_subnet.Subnet1",
            "aws_vpc.Prod_vpc"
          ]
        }
      ]
    },
    {
      "mode": "managed",
      "type": "aws_security_group",
      "name": "allow_web",
      "provider": "provider[\"registry.terraform.io/hashicorp/aws\"]",
      "instances": [
        {
          "schema_version": 1,
          "attributes": {
            "arn": "arn:aws:ec2:ap-south-1:362874374237:security-group/sg-07b1104dd984cc31e",
            "description": "Allow TLS inbound traffic",
            "egress": [
              {
                "cidr_blocks": [
                  "0.0.0.0/0"
                ],
                "description": "",
                "from_port": 0,
                "ipv6_cidr_blocks": [],
                "prefix_list_ids": [],
                "protocol": "-1",
                "security_groups": [],
                "self": false,
                "to_port": 0
              }
            ],
            "id": "sg-07b1104dd984cc31e",
            "ingress": [
              {
                "cidr_blocks": [
                  "0.0.0.0/0"
                ],
                "description": "HTTP",
                "from_port": 80,
                "ipv6_cidr_blocks": [],
                "prefix_list_ids": [],
                "protocol": "tcp",
                "security_groups": [],
                "self": false,
                "to_port": 80
              },
              {
                "cidr_blocks": [
                  "0.0.0.0/0"
                ],
                "description": "HTTPS",
                "from_port": 443,
                "ipv6_cidr_blocks": [],
                "prefix_list_ids": [],
                "protocol": "tcp",
                "security_groups": [],
                "self": false,
                "to_port": 443
              },
              {
                "cidr_blocks": [
                  "0.0.0.0/0"
                ],
                "description": "SSH",
                "from_port": 22,
                "ipv6_cidr_blocks": [],
                "prefix_list_ids": [],
                "protocol": "tcp",
                "security_groups": [],
                "self": false,
                "to_port": 22
              }
            ],
            "name": "allow_web_traffic",
            "name_prefix": "",
            "owner_id": "362874374237",
            "revoke_rules_on_delete": false,
            "tags": {
              "Name": "allow_web_Traffic"
            },
            "timeouts": null,
            "vpc_id": "vpc-01e2cfde1b33adb8d"
          },
          "private": "eyJlMmJmYjczMC1lY2FhLTExZTYtOGY4OC0zNDM2M2JjN2M0YzAiOnsiY3JlYXRlIjo2MDAwMDAwMDAwMDAsImRlbGV0ZSI6NjAwMDAwMDAwMDAwfSwic2NoZW1hX3ZlcnNpb24iOiIxIn0=",
          "dependencies": [
            "aws_vpc.Prod_vpc"
          ]
        }
      ]
    },
    {
      "mode": "managed",
      "type": "aws_subnet",
      "name": "Subnet1",
      "provider": "provider[\"registry.terraform.io/hashicorp/aws\"]",
      "instances": [
        {
          "schema_version": 1,
          "attributes": {
            "arn": "arn:aws:ec2:ap-south-1:362874374237:subnet/subnet-059d09375408f25de",
            "assign_ipv6_address_on_creation": false,
            "availability_zone": "ap-south-1a",
            "availability_zone_id": "aps1-az1",
            "cidr_block": "10.0.1.0/24",
            "id": "subnet-059d09375408f25de",
            "ipv6_cidr_block": "",
            "ipv6_cidr_block_association_id": "",
            "map_public_ip_on_launch": false,
            "outpost_arn": "",
            "owner_id": "362874374237",
            "tags": {
              "Name": "Prod_Subnet"
            },
            "timeouts": null,
            "vpc_id": "vpc-01e2cfde1b33adb8d"
          },
          "private": "eyJlMmJmYjczMC1lY2FhLTExZTYtOGY4OC0zNDM2M2JjN2M0YzAiOnsiY3JlYXRlIjo2MDAwMDAwMDAwMDAsImRlbGV0ZSI6MTIwMDAwMDAwMDAwMH0sInNjaGVtYV92ZXJzaW9uIjoiMSJ9",
          "dependencies": [
            "aws_vpc.Prod_vpc"
          ]
        }
      ]
    },
    {
      "mode": "managed",
      "type": "aws_vpc",
      "name": "Prod_vpc",
      "provider": "provider[\"registry.terraform.io/hashicorp/aws\"]",
      "instances": [
        {
          "schema_version": 1,
          "attributes": {
            "arn": "arn:aws:ec2:ap-south-1:362874374237:vpc/vpc-01e2cfde1b33adb8d",
            "assign_generated_ipv6_cidr_block": false,
            "cidr_block": "10.0.0.0/16",
            "default_network_acl_id": "acl-0aa2809682f775b90",
            "default_route_table_id": "rtb-0bc0612978b70472d",
            "default_security_group_id": "sg-06297b3a31eaa2864",
            "dhcp_options_id": "dopt-2d43b046",
            "enable_classiclink": null,
            "enable_classiclink_dns_support": null,
            "enable_dns_hostnames": false,
            "enable_dns_support": true,
            "id": "vpc-01e2cfde1b33adb8d",
            "instance_tenancy": "default",
            "ipv6_association_id": "",
            "ipv6_cidr_block": "",
            "main_route_table_id": "rtb-0bc0612978b70472d",
            "owner_id": "362874374237",
            "tags": {
              "Name": "Prod"
            }
          },
          "private": "eyJzY2hlbWFfdmVyc2lvbiI6IjEifQ=="
        }
      ]
    }
  ]
}
